{
  "requires": true,
  "lockfileVersion": 1,
  "dependencies": {
    "nan": {
      "version": "2.8.0",
      "resolved": "https://registry.npmjs.org/nan/-/nan-2.8.0.tgz",
      "integrity": "sha1-7XFfP+neArV6XmJS2QqWZ14fCFo="
    },
    "node-pty": {
      "version": "0.7.3",
      "resolved": "https://registry.npmjs.org/node-pty/-/node-pty-0.7.3.tgz",
      "integrity": "sha1-S7NqJKYu6fMzLi4jENZkLZ2u0fc=",
      "requires": {
        "nan": "2.8.0"
      }
    }
  }
}
